
Microsoft Visual Studio Solution File, Format Version 12.00
# 17
VisualStudioVersion = 17.0.31903.59
MinimumVisualStudioVersion = 10.0.40219.1
Project("{9A19103F-16F7-4668-BE54-9A1E7A4F7556}") = "TextStorage", "src\TextStorage\TextStorage.csproj", "{7AFAEDDF-52B2-4F38-AE27-3424535A9EC9}"
EndProject
Project("{2150E333-8FDC-42A3-9474-1A3956D46DE8}") = "src", "src", "{07B4EB72-DE23-437D-BF02-8AB63D23A29F}"
EndProject
Project("{2150E333-8FDC-42A3-9474-1A3956D46DE8}") = "tests", "tests", "{8A392F6B-855F-48E0-B313-F651074A86E9}"
EndProject
Project("{2150E333-8FDC-42A3-9474-1A3956D46DE8}") = "loadtests", "loadtests", "{BC880F49-1CBD-4A3C-882E-ADF229F8DC19}"
	ProjectSection(SolutionItems) = preProject
		tests\loadtests\paste.js = tests\loadtests\paste.js
	EndProjectSection
EndProject
Project("{FAE04EC0-301F-11D3-BF4B-00C04F79EFBC}") = "TextStorage.UnitTests", "tests\TextStorage.UnitTests\TextStorage.UnitTests.csproj", "{A973E45F-2FE5-4E71-B54D-DC28DCD08062}"
EndProject
Global
	GlobalSection(SolutionConfigurationPlatforms) = preSolution
		Debug|Any CPU = Debug|Any CPU
		Release|Any CPU = Release|Any CPU
	EndGlobalSection
	GlobalSection(ProjectConfigurationPlatforms) = postSolution
		{7AFAEDDF-52B2-4F38-AE27-3424535A9EC9}.Debug|Any CPU.ActiveCfg = Debug|Any CPU
		{7AFAEDDF-52B2-4F38-AE27-3424535A9EC9}.Debug|Any CPU.Build.0 = Debug|Any CPU
		{7AFAEDDF-52B2-4F38-AE27-3424535A9EC9}.Release|Any CPU.ActiveCfg = Release|Any CPU
		{7AFAEDDF-52B2-4F38-AE27-3424535A9EC9}.Release|Any CPU.Build.0 = Release|Any CPU
		{A973E45F-2FE5-4E71-B54D-DC28DCD08062}.Debug|Any CPU.ActiveCfg = Debug|Any CPU
		{A973E45F-2FE5-4E71-B54D-DC28DCD08062}.Debug|Any CPU.Build.0 = Debug|Any CPU
		{A973E45F-2FE5-4E71-B54D-DC28DCD08062}.Release|Any CPU.ActiveCfg = Release|Any CPU
		{A973E45F-2FE5-4E71-B54D-DC28DCD08062}.Release|Any CPU.Build.0 = Release|Any CPU
	EndGlobalSection
	GlobalSection(SolutionProperties) = preSolution
		HideSolutionNode = FALSE
	EndGlobalSection
	GlobalSection(NestedProjects) = preSolution
		{7AFAEDDF-52B2-4F38-AE27-3424535A9EC9} = {07B4EB72-DE23-437D-BF02-8AB63D23A29F}
		{BC880F49-1CBD-4A3C-882E-ADF229F8DC19} = {8A392F6B-855F-48E0-B313-F651074A86E9}
		{A973E45F-2FE5-4E71-B54D-DC28DCD08062} = {8A392F6B-855F-48E0-B313-F651074A86E9}
	EndGlobalSection
	GlobalSection(ExtensibilityGlobals) = postSolution
		SolutionGuid = {1EB8803D-4D89-4C4B-B5AC-9581344A08E9}
	EndGlobalSection
EndGlobal
